
Microsoft Visual Studio Solution File, Format Version 12.00
# Visual Studio Version 17
VisualStudioVersion = 17.7.34221.43
MinimumVisualStudioVersion = 10.0.40219.1
Project("{FAE04EC0-301F-11D3-BF4B-00C04F79EFBC}") = "ConAppAS07", "ConAppAS07\ConAppAS07.csproj", "{91C4CE0F-D982-4B3A-83B5-51561F8D628F}"
EndProject
Global
	GlobalSection(SolutionConfigurationPlatforms) = preSolution
		Debug|Any CPU = Debug|Any CPU
		Release|Any CPU = Release|Any CPU
	EndGlobalSection
	GlobalSection(ProjectConfigurationPlatforms) = postSolution
		{91C4CE0F-D982-4B3A-83B5-51561F8D628F}.Debug|Any CPU.ActiveCfg = Debug|Any CPU
		{91C4CE0F-D982-4B3A-83B5-51561F8D628F}.Debug|Any CPU.Build.0 = Debug|Any CPU
		{91C4CE0F-D982-4B3A-83B5-51561F8D628F}.Release|Any CPU.ActiveCfg = Release|Any CPU
		{91C4CE0F-D982-4B3A-83B5-51561F8D628F}.Release|Any CPU.Build.0 = Release|Any CPU
	EndGlobalSection
	GlobalSection(SolutionProperties) = preSolution
		HideSolutionNode = FALSE
	EndGlobalSection
	GlobalSection(ExtensibilityGlobals) = postSolution
		SolutionGuid = {1985D80D-BD73-4FB9-88F5-F4A47D2DDBBA}
	EndGlobalSection
EndGlobal
