
Microsoft Visual Studio Solution File, Format Version 12.00
# Visual Studio Version 17
VisualStudioVersion = 17.7.34221.43
MinimumVisualStudioVersion = 10.0.40219.1
Project("{FAE04EC0-301F-11D3-BF4B-00C04F79EFBC}") = "ConAppAS08P02", "ConAppAS08P02\ConAppAS08P02.csproj", "{62C9C57A-BD8A-47EE-9AAC-C92ACE8B617B}"
EndProject
Global
	GlobalSection(SolutionConfigurationPlatforms) = preSolution
		Debug|Any CPU = Debug|Any CPU
		Release|Any CPU = Release|Any CPU
	EndGlobalSection
	GlobalSection(ProjectConfigurationPlatforms) = postSolution
		{62C9C57A-BD8A-47EE-9AAC-C92ACE8B617B}.Debug|Any CPU.ActiveCfg = Debug|Any CPU
		{62C9C57A-BD8A-47EE-9AAC-C92ACE8B617B}.Debug|Any CPU.Build.0 = Debug|Any CPU
		{62C9C57A-BD8A-47EE-9AAC-C92ACE8B617B}.Release|Any CPU.ActiveCfg = Release|Any CPU
		{62C9C57A-BD8A-47EE-9AAC-C92ACE8B617B}.Release|Any CPU.Build.0 = Release|Any CPU
	EndGlobalSection
	GlobalSection(SolutionProperties) = preSolution
		HideSolutionNode = FALSE
	EndGlobalSection
	GlobalSection(ExtensibilityGlobals) = postSolution
		SolutionGuid = {D787BF06-630A-4D5E-B9AF-DED35C2E8303}
	EndGlobalSection
EndGlobal
